
Microsoft Visual Studio Solution File, Format Version 12.00
# Visual Studio 15
VisualStudioVersion = 15.0.27428.2002
MinimumVisualStudioVersion = 10.0.40219.1
Project("{FAE04EC0-301F-11D3-BF4B-00C04F79EFBC}") = "ModelsKLAGUZ", "ModelsKLAGUZ\ModelsKLAGUZ.csproj", "{E9168846-727F-487A-BF99-3080B0C859A0}"
EndProject
Project("{FAE04EC0-301F-11D3-BF4B-00C04F79EFBC}") = "InterfacesKLAGUZ", "InterfacesKLAGUZ\InterfacesKLAGUZ.csproj", "{777C885B-DF20-4A15-ACCF-6FA65757F46B}"
EndProject
Project("{FAE04EC0-301F-11D3-BF4B-00C04F79EFBC}") = "RepsitoriesKLAGUZ", "RepsitoriesKLAGUZ\RepsitoriesKLAGUZ.csproj", "{D0F09D08-25ED-436C-A214-386DEEE538A8}"
EndProject
Project("{FAE04EC0-301F-11D3-BF4B-00C04F79EFBC}") = "TankWcfService", "TankWcfService\TankWcfService.csproj", "{56941FE4-D2B7-4FB8-B56F-D20221717709}"
EndProject
Project("{FAE04EC0-301F-11D3-BF4B-00C04F79EFBC}") = "NewFactoryKLAGUZ", "NewFactoryKLAGUZ\NewFactoryKLAGUZ.csproj", "{06DC2EE0-E46F-4F26-A24D-A88E08B45B93}"
EndProject
Global
	GlobalSection(SolutionConfigurationPlatforms) = preSolution
		Debug|Any CPU = Debug|Any CPU
		Release|Any CPU = Release|Any CPU
	EndGlobalSection
	GlobalSection(ProjectConfigurationPlatforms) = postSolution
		{E9168846-727F-487A-BF99-3080B0C859A0}.Debug|Any CPU.ActiveCfg = Debug|Any CPU
		{E9168846-727F-487A-BF99-3080B0C859A0}.Debug|Any CPU.Build.0 = Debug|Any CPU
		{E9168846-727F-487A-BF99-3080B0C859A0}.Release|Any CPU.ActiveCfg = Release|Any CPU
		{E9168846-727F-487A-BF99-3080B0C859A0}.Release|Any CPU.Build.0 = Release|Any CPU
		{777C885B-DF20-4A15-ACCF-6FA65757F46B}.Debug|Any CPU.ActiveCfg = Debug|Any CPU
		{777C885B-DF20-4A15-ACCF-6FA65757F46B}.Debug|Any CPU.Build.0 = Debug|Any CPU
		{777C885B-DF20-4A15-ACCF-6FA65757F46B}.Release|Any CPU.ActiveCfg = Release|Any CPU
		{777C885B-DF20-4A15-ACCF-6FA65757F46B}.Release|Any CPU.Build.0 = Release|Any CPU
		{D0F09D08-25ED-436C-A214-386DEEE538A8}.Debug|Any CPU.ActiveCfg = Debug|Any CPU
		{D0F09D08-25ED-436C-A214-386DEEE538A8}.Debug|Any CPU.Build.0 = Debug|Any CPU
		{D0F09D08-25ED-436C-A214-386DEEE538A8}.Release|Any CPU.ActiveCfg = Release|Any CPU
		{D0F09D08-25ED-436C-A214-386DEEE538A8}.Release|Any CPU.Build.0 = Release|Any CPU
		{56941FE4-D2B7-4FB8-B56F-D20221717709}.Debug|Any CPU.ActiveCfg = Debug|Any CPU
		{56941FE4-D2B7-4FB8-B56F-D20221717709}.Debug|Any CPU.Build.0 = Debug|Any CPU
		{56941FE4-D2B7-4FB8-B56F-D20221717709}.Release|Any CPU.ActiveCfg = Release|Any CPU
		{56941FE4-D2B7-4FB8-B56F-D20221717709}.Release|Any CPU.Build.0 = Release|Any CPU
		{06DC2EE0-E46F-4F26-A24D-A88E08B45B93}.Debug|Any CPU.ActiveCfg = Debug|Any CPU
		{06DC2EE0-E46F-4F26-A24D-A88E08B45B93}.Debug|Any CPU.Build.0 = Debug|Any CPU
		{06DC2EE0-E46F-4F26-A24D-A88E08B45B93}.Release|Any CPU.ActiveCfg = Release|Any CPU
		{06DC2EE0-E46F-4F26-A24D-A88E08B45B93}.Release|Any CPU.Build.0 = Release|Any CPU
	EndGlobalSection
	GlobalSection(SolutionProperties) = preSolution
		HideSolutionNode = FALSE
	EndGlobalSection
	GlobalSection(ExtensibilityGlobals) = postSolution
		SolutionGuid = {13D1CEF6-274E-469B-AE07-A41138DD3571}
	EndGlobalSection
EndGlobal
